// !$*UTF8*$!
{
	archiveVersion = 1;
	classes = {
	};
	objectVersion = 55;
	objects = {

/* Begin PBXBuildFile section */
		37F1130A98269F1F455EB495 /* amplifyconfiguration.json in Resources */ = {isa = PBXBuildFile; fileRef = C2B665CBD83F309E089E9C06 /* amplifyconfiguration.json */; };
		48421288C81040D89A024F96 /* awsconfiguration.json in Resources */ = {isa = PBXBuildFile; fileRef = 92B4C801DBEBF2EA64B7E1D0 /* awsconfiguration.json */; };
		4DC523CEB911A3A578503A4F /* Note.swift in Sources */ = {isa = PBXBuildFile; fileRef = 9673CD261AA269AAFEC4002E /* Note.swift */; };
		50376A3CB2763C688EE67AC9 /* Note+Schema.swift in Sources */ = {isa = PBXBuildFile; fileRef = 99DE358D7DC73A5C69E786C8 /* Note+Schema.swift */; };
		74A2DADF9F74723F0E9F4A07 /* AmplifyModels.swift in Sources */ = {isa = PBXBuildFile; fileRef = D167C0FB20791D13D0EBB787 /* AmplifyModels.swift */; };
		7B4456FC2728631666A32809 /* Task+Schema.swift in Sources */ = {isa = PBXBuildFile; fileRef = 05DA2DEA8C0F379551F47D38 /* Task+Schema.swift */; };
		92180BFE28A3BBF200CB60D2 /* DadJokesUITests.swift in Sources */ = {isa = PBXBuildFile; fileRef = 92180BFD28A3BBF200CB60D2 /* DadJokesUITests.swift */; };
		92180C0728A3BC5C00CB60D2 /* PlusTestUI.swift in Sources */ = {isa = PBXBuildFile; fileRef = 92180C0628A3BC5C00CB60D2 /* PlusTestUI.swift */; };
		92180C0F28A3BCCC00CB60D2 /* DadJokesTests2.swift in Sources */ = {isa = PBXBuildFile; fileRef = 92180C0E28A3BCCC00CB60D2 /* DadJokesTests2.swift */; };
		92180C1828A3BD9900CB60D2 /* TestLogic.swift in Sources */ = {isa = PBXBuildFile; fileRef = 92180C1728A3BD9900CB60D2 /* TestLogic.swift */; };
		922E7D332891481C00A60C08 /* HomeView.swift in Sources */ = {isa = PBXBuildFile; fileRef = 922E7D322891481C00A60C08 /* HomeView.swift */; };
		922E7D3528914B1E00A60C08 /* CardDetailView.swift in Sources */ = {isa = PBXBuildFile; fileRef = 922E7D3428914B1E00A60C08 /* CardDetailView.swift */; };
		92493B9B289774D3007BDA0B /* ImageView.swift in Sources */ = {isa = PBXBuildFile; fileRef = 92493B9A289774D3007BDA0B /* ImageView.swift */; };
		929E000628B5E54B003FD102 /* Contact.swift in Sources */ = {isa = PBXBuildFile; fileRef = 92ECC2B52893C72600204345 /* Contact.swift */; };
		929E000828B5E593003FD102 /* Contact.swift in Sources */ = {isa = PBXBuildFile; fileRef = 92ECC2B52893C72600204345 /* Contact.swift */; };
		92ABC4F328AB933E006D5D65 /* DolarViewModel.swift in Sources */ = {isa = PBXBuildFile; fileRef = 92EDF38E28A26AE8000F150B /* DolarViewModel.swift */; };
		92ABC4F528AB93BE006D5D65 /* DolarViewModel_Test.swift in Sources */ = {isa = PBXBuildFile; fileRef = 92ABC4E528AB8AA2006D5D65 /* DolarViewModel_Test.swift */; };
		92CA335D28B7242400BCEF60 /* DadJokesUITestsLaunchTests.swift in Sources */ = {isa = PBXBuildFile; fileRef = 92180BFF28A3BBF200CB60D2 /* DadJokesUITestsLaunchTests.swift */; };
		92ECC2BC2893E68800204345 /* TabBarRouter.swift in Sources */ = {isa = PBXBuildFile; fileRef = 92ECC2BB2893E68800204345 /* TabBarRouter.swift */; };
		92ECC2BF2893EA1800204345 /* AccountView.swift in Sources */ = {isa = PBXBuildFile; fileRef = 92ECC2BE2893EA1800204345 /* AccountView.swift */; };
		92ECC2C12893EA3400204345 /* PlusView.swift in Sources */ = {isa = PBXBuildFile; fileRef = 92ECC2C02893EA3400204345 /* PlusView.swift */; };
		92ECC2C32893EA4D00204345 /* MapView.swift in Sources */ = {isa = PBXBuildFile; fileRef = 92ECC2C22893EA4D00204345 /* MapView.swift */; };
		92ECC2C52893EA6300204345 /* RecordsView.swift in Sources */ = {isa = PBXBuildFile; fileRef = 92ECC2C42893EA6300204345 /* RecordsView.swift */; };
		92EDF38F28A26AE8000F150B /* DolarViewModel.swift in Sources */ = {isa = PBXBuildFile; fileRef = 92EDF38E28A26AE8000F150B /* DolarViewModel.swift */; };
		92FFBD4A288FEC0B0003FDED /* DadJokesApp.swift in Sources */ = {isa = PBXBuildFile; fileRef = 92FFBD49288FEC0B0003FDED /* DadJokesApp.swift */; };
		92FFBD4C288FEC0B0003FDED /* ContentView.swift in Sources */ = {isa = PBXBuildFile; fileRef = 92FFBD4B288FEC0B0003FDED /* ContentView.swift */; };
		92FFBD4E288FEC0D0003FDED /* Assets.xcassets in Resources */ = {isa = PBXBuildFile; fileRef = 92FFBD4D288FEC0D0003FDED /* Assets.xcassets */; };
		92FFBD51288FEC0D0003FDED /* Preview Assets.xcassets in Resources */ = {isa = PBXBuildFile; fileRef = 92FFBD50288FEC0D0003FDED /* Preview Assets.xcassets */; };
		92FFBD53288FEC0D0003FDED /* Persistence.swift in Sources */ = {isa = PBXBuildFile; fileRef = 92FFBD52288FEC0D0003FDED /* Persistence.swift */; };
		92FFBD56288FEC0D0003FDED /* DadJokes.xcdatamodeld in Sources */ = {isa = PBXBuildFile; fileRef = 92FFBD54288FEC0D0003FDED /* DadJokes.xcdatamodeld */; };
		92FFBD5E288FF7080003FDED /* EmojiView.swift in Sources */ = {isa = PBXBuildFile; fileRef = 92FFBD5D288FF7080003FDED /* EmojiView.swift */; };
		B6F45D3D6C92B9B3414F3A88 /* Task.swift in Sources */ = {isa = PBXBuildFile; fileRef = EAB9EC92E9E04E7FCA25CFEA /* Task.swift */; };
		D51E2A4E28F54A3A00277ADB /* AWSAPIPlugin in Frameworks */ = {isa = PBXBuildFile; productRef = D51E2A4D28F54A3A00277ADB /* AWSAPIPlugin */; };
		D51E2A5028F54A3A00277ADB /* AWSDataStorePlugin in Frameworks */ = {isa = PBXBuildFile; productRef = D51E2A4F28F54A3A00277ADB /* AWSDataStorePlugin */; };
		D51E2A5228F54A3A00277ADB /* Amplify in Frameworks */ = {isa = PBXBuildFile; productRef = D51E2A5128F54A3A00277ADB /* Amplify */; };
		D51E2A5428F54C6D00277ADB /* schema.graphql in Resources */ = {isa = PBXBuildFile; fileRef = D51E2A5328F54C6D00277ADB /* schema.graphql */; };
		D51E2A6128F55AA600277ADB /* Mockable.swift in Sources */ = {isa = PBXBuildFile; fileRef = D51E2A6028F55AA600277ADB /* Mockable.swift */; };
		D51E2A6328F55AC500277ADB /* MockHTTPSClient.swift in Sources */ = {isa = PBXBuildFile; fileRef = D51E2A6228F55AC500277ADB /* MockHTTPSClient.swift */; };
		D51E2A6A28F55B5600277ADB /* TestAPI.swift in Sources */ = {isa = PBXBuildFile; fileRef = D51E2A6928F55B5600277ADB /* TestAPI.swift */; };
		D51E2A7028F55CE500277ADB /* HTTPSClientProtocal.swift in Sources */ = {isa = PBXBuildFile; fileRef = D51E2A6F28F55CE500277ADB /* HTTPSClientProtocal.swift */; };
		D51E2A7228F55D1600277ADB /* HttpClientFactory.swift in Sources */ = {isa = PBXBuildFile; fileRef = D51E2A7128F55D1600277ADB /* HttpClientFactory.swift */; };
		D51E2A7428F55D4A00277ADB /* HTTPsClient.swift in Sources */ = {isa = PBXBuildFile; fileRef = D51E2A7328F55D4A00277ADB /* HTTPsClient.swift */; };
		D57839E728FEB3560031E2CD /* StateViewModel.swift in Sources */ = {isa = PBXBuildFile; fileRef = 92ECC2B92893C76D00204345 /* StateViewModel.swift */; };
/* End PBXBuildFile section */

/* Begin PBXContainerItemProxy section */
		92180C0128A3BBF200CB60D2 /* PBXContainerItemProxy */ = {
			isa = PBXContainerItemProxy;
			containerPortal = 92FFBD3E288FEC0B0003FDED /* Project object */;
			proxyType = 1;
			remoteGlobalIDString = 92FFBD45288FEC0B0003FDED;
			remoteInfo = DadJokes;
		};
		92180C1028A3BCCC00CB60D2 /* PBXContainerItemProxy */ = {
			isa = PBXContainerItemProxy;
			containerPortal = 92FFBD3E288FEC0B0003FDED /* Project object */;
			proxyType = 1;
			remoteGlobalIDString = 92FFBD45288FEC0B0003FDED;
			remoteInfo = DadJokes;
		};
/* End PBXContainerItemProxy section */

/* Begin PBXFileReference section */
		05DA2DEA8C0F379551F47D38 /* Task+Schema.swift */ = {isa = PBXFileReference; explicitFileType = sourcecode.swift; name = "Task+Schema.swift"; path = "amplify/generated/models/Task+Schema.swift"; sourceTree = "<group>"; };
		767C4C390FC89B1568B0794A /* Pods-DadJokes.release.xcconfig */ = {isa = PBXFileReference; includeInIndex = 1; lastKnownFileType = text.xcconfig; name = "Pods-DadJokes.release.xcconfig"; path = "Target Support Files/Pods-DadJokes/Pods-DadJokes.release.xcconfig"; sourceTree = "<group>"; };
		92180BFB28A3BBF200CB60D2 /* DadJokesUITests.xctest */ = {isa = PBXFileReference; explicitFileType = wrapper.cfbundle; includeInIndex = 0; path = DadJokesUITests.xctest; sourceTree = BUILT_PRODUCTS_DIR; };
		92180BFD28A3BBF200CB60D2 /* DadJokesUITests.swift */ = {isa = PBXFileReference; lastKnownFileType = sourcecode.swift; path = DadJokesUITests.swift; sourceTree = "<group>"; };
		92180BFF28A3BBF200CB60D2 /* DadJokesUITestsLaunchTests.swift */ = {isa = PBXFileReference; lastKnownFileType = sourcecode.swift; path = DadJokesUITestsLaunchTests.swift; sourceTree = "<group>"; };
		92180C0628A3BC5C00CB60D2 /* PlusTestUI.swift */ = {isa = PBXFileReference; lastKnownFileType = sourcecode.swift; path = PlusTestUI.swift; sourceTree = "<group>"; };
		92180C0C28A3BCCC00CB60D2 /* DadJokesTests2.xctest */ = {isa = PBXFileReference; explicitFileType = wrapper.cfbundle; includeInIndex = 0; path = DadJokesTests2.xctest; sourceTree = BUILT_PRODUCTS_DIR; };
		92180C0E28A3BCCC00CB60D2 /* DadJokesTests2.swift */ = {isa = PBXFileReference; lastKnownFileType = sourcecode.swift; path = DadJokesTests2.swift; sourceTree = "<group>"; };
		92180C1728A3BD9900CB60D2 /* TestLogic.swift */ = {isa = PBXFileReference; lastKnownFileType = sourcecode.swift; path = TestLogic.swift; sourceTree = "<group>"; };
		922E7D322891481C00A60C08 /* HomeView.swift */ = {isa = PBXFileReference; lastKnownFileType = sourcecode.swift; path = HomeView.swift; sourceTree = "<group>"; };
		922E7D3428914B1E00A60C08 /* CardDetailView.swift */ = {isa = PBXFileReference; lastKnownFileType = sourcecode.swift; path = CardDetailView.swift; sourceTree = "<group>"; };
		92493B9A289774D3007BDA0B /* ImageView.swift */ = {isa = PBXFileReference; lastKnownFileType = sourcecode.swift; path = ImageView.swift; sourceTree = "<group>"; };
		92ABC4E528AB8AA2006D5D65 /* DolarViewModel_Test.swift */ = {isa = PBXFileReference; lastKnownFileType = sourcecode.swift; path = DolarViewModel_Test.swift; sourceTree = "<group>"; };
		92B4C801DBEBF2EA64B7E1D0 /* awsconfiguration.json */ = {isa = PBXFileReference; explicitFileType = text.json; path = awsconfiguration.json; sourceTree = "<group>"; };
		92ECC2B52893C72600204345 /* Contact.swift */ = {isa = PBXFileReference; lastKnownFileType = sourcecode.swift; path = Contact.swift; sourceTree = "<group>"; };
		92ECC2B92893C76D00204345 /* StateViewModel.swift */ = {isa = PBXFileReference; lastKnownFileType = sourcecode.swift; path = StateViewModel.swift; sourceTree = "<group>"; };
		92ECC2BB2893E68800204345 /* TabBarRouter.swift */ = {isa = PBXFileReference; lastKnownFileType = sourcecode.swift; path = TabBarRouter.swift; sourceTree = "<group>"; };
		92ECC2BE2893EA1800204345 /* AccountView.swift */ = {isa = PBXFileReference; lastKnownFileType = sourcecode.swift; path = AccountView.swift; sourceTree = "<group>"; };
		92ECC2C02893EA3400204345 /* PlusView.swift */ = {isa = PBXFileReference; lastKnownFileType = sourcecode.swift; path = PlusView.swift; sourceTree = "<group>"; };
		92ECC2C22893EA4D00204345 /* MapView.swift */ = {isa = PBXFileReference; lastKnownFileType = sourcecode.swift; path = MapView.swift; sourceTree = "<group>"; };
		92ECC2C42893EA6300204345 /* RecordsView.swift */ = {isa = PBXFileReference; lastKnownFileType = sourcecode.swift; path = RecordsView.swift; sourceTree = "<group>"; };
		92EDF38E28A26AE8000F150B /* DolarViewModel.swift */ = {isa = PBXFileReference; lastKnownFileType = sourcecode.swift; path = DolarViewModel.swift; sourceTree = "<group>"; };
		92FFBD46288FEC0B0003FDED /* DadJokes.app */ = {isa = PBXFileReference; explicitFileType = wrapper.application; includeInIndex = 0; path = DadJokes.app; sourceTree = BUILT_PRODUCTS_DIR; };
		92FFBD49288FEC0B0003FDED /* DadJokesApp.swift */ = {isa = PBXFileReference; lastKnownFileType = sourcecode.swift; path = DadJokesApp.swift; sourceTree = "<group>"; };
		92FFBD4B288FEC0B0003FDED /* ContentView.swift */ = {isa = PBXFileReference; lastKnownFileType = sourcecode.swift; path = ContentView.swift; sourceTree = "<group>"; };
		92FFBD4D288FEC0D0003FDED /* Assets.xcassets */ = {isa = PBXFileReference; lastKnownFileType = folder.assetcatalog; path = Assets.xcassets; sourceTree = "<group>"; };
		92FFBD50288FEC0D0003FDED /* Preview Assets.xcassets */ = {isa = PBXFileReference; lastKnownFileType = folder.assetcatalog; path = "Preview Assets.xcassets"; sourceTree = "<group>"; };
		92FFBD52288FEC0D0003FDED /* Persistence.swift */ = {isa = PBXFileReference; lastKnownFileType = sourcecode.swift; path = Persistence.swift; sourceTree = "<group>"; };
		92FFBD55288FEC0D0003FDED /* DadJokes.xcdatamodel */ = {isa = PBXFileReference; lastKnownFileType = wrapper.xcdatamodel; path = DadJokes.xcdatamodel; sourceTree = "<group>"; };
		92FFBD5C288FEE790003FDED /* Info.plist */ = {isa = PBXFileReference; lastKnownFileType = text.plist; path = Info.plist; sourceTree = "<group>"; };
		92FFBD5D288FF7080003FDED /* EmojiView.swift */ = {isa = PBXFileReference; lastKnownFileType = sourcecode.swift; path = EmojiView.swift; sourceTree = "<group>"; };
		9673CD261AA269AAFEC4002E /* Note.swift */ = {isa = PBXFileReference; explicitFileType = sourcecode.swift; name = Note.swift; path = amplify/generated/models/Note.swift; sourceTree = "<group>"; };
		99DE358D7DC73A5C69E786C8 /* Note+Schema.swift */ = {isa = PBXFileReference; explicitFileType = sourcecode.swift; name = "Note+Schema.swift"; path = "amplify/generated/models/Note+Schema.swift"; sourceTree = "<group>"; };
		A3212828872856F723AEB0A1 /* Pods-DadJokes.debug.xcconfig */ = {isa = PBXFileReference; includeInIndex = 1; lastKnownFileType = text.xcconfig; name = "Pods-DadJokes.debug.xcconfig"; path = "Target Support Files/Pods-DadJokes/Pods-DadJokes.debug.xcconfig"; sourceTree = "<group>"; };
		C2B665CBD83F309E089E9C06 /* amplifyconfiguration.json */ = {isa = PBXFileReference; explicitFileType = text.json; path = amplifyconfiguration.json; sourceTree = "<group>"; };
		D167C0FB20791D13D0EBB787 /* AmplifyModels.swift */ = {isa = PBXFileReference; explicitFileType = sourcecode.swift; name = AmplifyModels.swift; path = amplify/generated/models/AmplifyModels.swift; sourceTree = "<group>"; };
		D51E2A5328F54C6D00277ADB /* schema.graphql */ = {isa = PBXFileReference; lastKnownFileType = text; path = schema.graphql; sourceTree = "<group>"; };
		D51E2A6028F55AA600277ADB /* Mockable.swift */ = {isa = PBXFileReference; lastKnownFileType = sourcecode.swift; path = Mockable.swift; sourceTree = "<group>"; };
		D51E2A6228F55AC500277ADB /* MockHTTPSClient.swift */ = {isa = PBXFileReference; lastKnownFileType = sourcecode.swift; path = MockHTTPSClient.swift; sourceTree = "<group>"; };
		D51E2A6828F55B3C00277ADB /* data-contact-response.geojson */ = {isa = PBXFileReference; lastKnownFileType = text; path = "data-contact-response.geojson"; sourceTree = "<group>"; };
		D51E2A6928F55B5600277ADB /* TestAPI.swift */ = {isa = PBXFileReference; lastKnownFileType = sourcecode.swift; path = TestAPI.swift; sourceTree = "<group>"; };
		D51E2A6F28F55CE500277ADB /* HTTPSClientProtocal.swift */ = {isa = PBXFileReference; lastKnownFileType = sourcecode.swift; name = HTTPSClientProtocal.swift; path = DadJokes/Services/HTTPSClientProtocal.swift; sourceTree = SOURCE_ROOT; };
		D51E2A7128F55D1600277ADB /* HttpClientFactory.swift */ = {isa = PBXFileReference; lastKnownFileType = sourcecode.swift; name = HttpClientFactory.swift; path = DadJokes/Factory/HttpClientFactory.swift; sourceTree = SOURCE_ROOT; };
		D51E2A7328F55D4A00277ADB /* HTTPsClient.swift */ = {isa = PBXFileReference; lastKnownFileType = sourcecode.swift; name = HTTPsClient.swift; path = DadJokes/Services/HTTPsClient.swift; sourceTree = SOURCE_ROOT; };
		EAB9EC92E9E04E7FCA25CFEA /* Task.swift */ = {isa = PBXFileReference; explicitFileType = sourcecode.swift; name = Task.swift; path = amplify/generated/models/Task.swift; sourceTree = "<group>"; };
/* End PBXFileReference section */

/* Begin PBXFrameworksBuildPhase section */
		92180BF828A3BBF200CB60D2 /* Frameworks */ = {
			isa = PBXFrameworksBuildPhase;
			buildActionMask = 2147483647;
			files = (
			);
			runOnlyForDeploymentPostprocessing = 0;
		};
		92180C0928A3BCCC00CB60D2 /* Frameworks */ = {
			isa = PBXFrameworksBuildPhase;
			buildActionMask = 2147483647;
			files = (
			);
			runOnlyForDeploymentPostprocessing = 0;
		};
		92FFBD43288FEC0B0003FDED /* Frameworks */ = {
			isa = PBXFrameworksBuildPhase;
			buildActionMask = 2147483647;
			files = (
				D51E2A5228F54A3A00277ADB /* Amplify in Frameworks */,
				D51E2A4E28F54A3A00277ADB /* AWSAPIPlugin in Frameworks */,
				D51E2A5028F54A3A00277ADB /* AWSDataStorePlugin in Frameworks */,
			);
			runOnlyForDeploymentPostprocessing = 0;
		};
/* End PBXFrameworksBuildPhase section */

/* Begin PBXGroup section */
		248639DD6873C7F5856F2776 /* AmplifyConfig */ = {
			isa = PBXGroup;
			children = (
				92B4C801DBEBF2EA64B7E1D0 /* awsconfiguration.json */,
				C2B665CBD83F309E089E9C06 /* amplifyconfiguration.json */,
				D51E2A5328F54C6D00277ADB /* schema.graphql */,
			);
			name = AmplifyConfig;
			sourceTree = "<group>";
		};
		6B215B904494FAF0A47719B9 /* AmplifyModels */ = {
			isa = PBXGroup;
			children = (
				D167C0FB20791D13D0EBB787 /* AmplifyModels.swift */,
				99DE358D7DC73A5C69E786C8 /* Note+Schema.swift */,
				9673CD261AA269AAFEC4002E /* Note.swift */,
				05DA2DEA8C0F379551F47D38 /* Task+Schema.swift */,
				EAB9EC92E9E04E7FCA25CFEA /* Task.swift */,
			);
			name = AmplifyModels;
			sourceTree = "<group>";
		};
		920C77962898CF7D000B1F4E /* Navigation */ = {
			isa = PBXGroup;
			children = (
				922E7D3628914B2300A60C08 /* View */,
				92FFBD4B288FEC0B0003FDED /* ContentView.swift */,
			);
			path = Navigation;
			sourceTree = "<group>";
		};
		920C77972898D8F4000B1F4E /* Components */ = {
			isa = PBXGroup;
			children = (
				92FFBD5D288FF7080003FDED /* EmojiView.swift */,
				922E7D3428914B1E00A60C08 /* CardDetailView.swift */,
				92493B9A289774D3007BDA0B /* ImageView.swift */,
			);
			path = Components;
			sourceTree = "<group>";
		};
		92180BFC28A3BBF200CB60D2 /* DadJokesUITests */ = {
			isa = PBXGroup;
			children = (
				92180BFD28A3BBF200CB60D2 /* DadJokesUITests.swift */,
				92180BFF28A3BBF200CB60D2 /* DadJokesUITestsLaunchTests.swift */,
				92180C0628A3BC5C00CB60D2 /* PlusTestUI.swift */,
			);
			path = DadJokesUITests;
			sourceTree = "<group>";
		};
		92180C0D28A3BCCC00CB60D2 /* DadJokesTests2 */ = {
			isa = PBXGroup;
			children = (
				D51E2A6428F55AD200277ADB /* Json Response */,
				D51E2A5F28F55A9200277ADB /* Mocks */,
				92180C0E28A3BCCC00CB60D2 /* DadJokesTests2.swift */,
				92180C1728A3BD9900CB60D2 /* TestLogic.swift */,
				92ABC4E528AB8AA2006D5D65 /* DolarViewModel_Test.swift */,
				D51E2A6928F55B5600277ADB /* TestAPI.swift */,
			);
			path = DadJokesTests2;
			sourceTree = "<group>";
		};
		922E7D3628914B2300A60C08 /* View */ = {
			isa = PBXGroup;
			children = (
				920C77972898D8F4000B1F4E /* Components */,
				922E7D322891481C00A60C08 /* HomeView.swift */,
				92ECC2BE2893EA1800204345 /* AccountView.swift */,
				92ECC2C02893EA3400204345 /* PlusView.swift */,
				92ECC2C22893EA4D00204345 /* MapView.swift */,
				92ECC2C42893EA6300204345 /* RecordsView.swift */,
			);
			path = View;
			sourceTree = "<group>";
		};
		92ECC2B72893C73A00204345 /* Models */ = {
			isa = PBXGroup;
			children = (
				92ECC2B52893C72600204345 /* Contact.swift */,
			);
			path = Models;
			sourceTree = "<group>";
		};
		92ECC2B82893C74D00204345 /* ViewModels */ = {
			isa = PBXGroup;
			children = (
				92ECC2B92893C76D00204345 /* StateViewModel.swift */,
				92ECC2BB2893E68800204345 /* TabBarRouter.swift */,
				92EDF38E28A26AE8000F150B /* DolarViewModel.swift */,
			);
			path = ViewModels;
			sourceTree = "<group>";
		};
		92FFBD3D288FEC0B0003FDED = {
			isa = PBXGroup;
			children = (
				92FFBD48288FEC0B0003FDED /* DadJokes */,
				92180BFC28A3BBF200CB60D2 /* DadJokesUITests */,
				92180C0D28A3BCCC00CB60D2 /* DadJokesTests2 */,
				92FFBD47288FEC0B0003FDED /* Products */,
				FCCCE1089C12051F915E73D3 /* Pods */,
				D7EC9D6D767A12043D2D5F39 /* Frameworks */,
				248639DD6873C7F5856F2776 /* AmplifyConfig */,
				6B215B904494FAF0A47719B9 /* AmplifyModels */,
			);
			sourceTree = "<group>";
		};
		92FFBD47288FEC0B0003FDED /* Products */ = {
			isa = PBXGroup;
			children = (
				92FFBD46288FEC0B0003FDED /* DadJokes.app */,
				92180BFB28A3BBF200CB60D2 /* DadJokesUITests.xctest */,
				92180C0C28A3BCCC00CB60D2 /* DadJokesTests2.xctest */,
			);
			name = Products;
			sourceTree = "<group>";
		};
		92FFBD48288FEC0B0003FDED /* DadJokes */ = {
			isa = PBXGroup;
			children = (
				D5B3EE8228FFB32C0050BF84 /* Factory */,
				D5B3EE8128FFB3200050BF84 /* Services */,
				92ECC2B72893C73A00204345 /* Models */,
				920C77962898CF7D000B1F4E /* Navigation */,
				92ECC2B82893C74D00204345 /* ViewModels */,
				92FFBD5C288FEE790003FDED /* Info.plist */,
				92FFBD49288FEC0B0003FDED /* DadJokesApp.swift */,
				92FFBD4D288FEC0D0003FDED /* Assets.xcassets */,
				92FFBD52288FEC0D0003FDED /* Persistence.swift */,
				92FFBD54288FEC0D0003FDED /* DadJokes.xcdatamodeld */,
				92FFBD4F288FEC0D0003FDED /* Preview Content */,
			);
			path = DadJokes;
			sourceTree = "<group>";
		};
		92FFBD4F288FEC0D0003FDED /* Preview Content */ = {
			isa = PBXGroup;
			children = (
				92FFBD50288FEC0D0003FDED /* Preview Assets.xcassets */,
			);
			path = "Preview Content";
			sourceTree = "<group>";
		};
		D51E2A5F28F55A9200277ADB /* Mocks */ = {
			isa = PBXGroup;
			children = (
				D51E2A6028F55AA600277ADB /* Mockable.swift */,
				D51E2A6228F55AC500277ADB /* MockHTTPSClient.swift */,
			);
			path = Mocks;
			sourceTree = "<group>";
		};
		D51E2A6428F55AD200277ADB /* Json Response */ = {
			isa = PBXGroup;
			children = (
				D51E2A6828F55B3C00277ADB /* data-contact-response.geojson */,
			);
			path = "Json Response";
			sourceTree = "<group>";
		};
		D5B3EE8128FFB3200050BF84 /* Services */ = {
			isa = PBXGroup;
			children = (
				D51E2A6F28F55CE500277ADB /* HTTPSClientProtocal.swift */,
				D51E2A7328F55D4A00277ADB /* HTTPsClient.swift */,
			);
			path = Services;
			sourceTree = "<group>";
		};
		D5B3EE8228FFB32C0050BF84 /* Factory */ = {
			isa = PBXGroup;
			children = (
				D51E2A7128F55D1600277ADB /* HttpClientFactory.swift */,
			);
			path = Factory;
			sourceTree = "<group>";
		};
		D7EC9D6D767A12043D2D5F39 /* Frameworks */ = {
			isa = PBXGroup;
			children = (
			);
			name = Frameworks;
			sourceTree = "<group>";
		};
		FCCCE1089C12051F915E73D3 /* Pods */ = {
			isa = PBXGroup;
			children = (
				A3212828872856F723AEB0A1 /* Pods-DadJokes.debug.xcconfig */,
				767C4C390FC89B1568B0794A /* Pods-DadJokes.release.xcconfig */,
			);
			path = Pods;
			sourceTree = "<group>";
		};
/* End PBXGroup section */

/* Begin PBXNativeTarget section */
		92180BFA28A3BBF200CB60D2 /* DadJokesUITests */ = {
			isa = PBXNativeTarget;
			buildConfigurationList = 92180C0328A3BBF200CB60D2 /* Build configuration list for PBXNativeTarget "DadJokesUITests" */;
			buildPhases = (
				92180BF728A3BBF200CB60D2 /* Sources */,
				92180BF828A3BBF200CB60D2 /* Frameworks */,
				92180BF928A3BBF200CB60D2 /* Resources */,
			);
			buildRules = (
			);
			dependencies = (
				92180C0228A3BBF200CB60D2 /* PBXTargetDependency */,
			);
			name = DadJokesUITests;
			productName = DadJokesUITests;
			productReference = 92180BFB28A3BBF200CB60D2 /* DadJokesUITests.xctest */;
			productType = "com.apple.product-type.bundle.ui-testing";
		};
		92180C0B28A3BCCC00CB60D2 /* DadJokesTests2 */ = {
			isa = PBXNativeTarget;
			buildConfigurationList = 92180C1228A3BCCC00CB60D2 /* Build configuration list for PBXNativeTarget "DadJokesTests2" */;
			buildPhases = (
				92180C0828A3BCCC00CB60D2 /* Sources */,
				92180C0928A3BCCC00CB60D2 /* Frameworks */,
				92180C0A28A3BCCC00CB60D2 /* Resources */,
			);
			buildRules = (
			);
			dependencies = (
				92180C1128A3BCCC00CB60D2 /* PBXTargetDependency */,
			);
			name = DadJokesTests2;
			productName = DadJokesTests2;
			productReference = 92180C0C28A3BCCC00CB60D2 /* DadJokesTests2.xctest */;
			productType = "com.apple.product-type.bundle.unit-test";
		};
		92FFBD45288FEC0B0003FDED /* DadJokes */ = {
			isa = PBXNativeTarget;
			buildConfigurationList = 92FFBD59288FEC0D0003FDED /* Build configuration list for PBXNativeTarget "DadJokes" */;
			buildPhases = (
				8CCABDD29D223BEF5D5E4CF3 /* [CP] Check Pods Manifest.lock */,
				92FFBD42288FEC0B0003FDED /* Sources */,
				92FFBD43288FEC0B0003FDED /* Frameworks */,
				92FFBD44288FEC0B0003FDED /* Resources */,
			);
			buildRules = (
			);
			dependencies = (
			);
			name = DadJokes;
			packageProductDependencies = (
				D51E2A4D28F54A3A00277ADB /* AWSAPIPlugin */,
				D51E2A4F28F54A3A00277ADB /* AWSDataStorePlugin */,
				D51E2A5128F54A3A00277ADB /* Amplify */,
			);
			productName = DadJokes;
			productReference = 92FFBD46288FEC0B0003FDED /* DadJokes.app */;
			productType = "com.apple.product-type.application";
		};
/* End PBXNativeTarget section */

/* Begin PBXProject section */
		92FFBD3E288FEC0B0003FDED /* Project object */ = {
			isa = PBXProject;
			attributes = {
				BuildIndependentTargetsInParallel = 1;
				LastSwiftUpdateCheck = 1340;
				LastUpgradeCheck = 1330;
				TargetAttributes = {
					92180BFA28A3BBF200CB60D2 = {
						CreatedOnToolsVersion = 13.4.1;
						TestTargetID = 92FFBD45288FEC0B0003FDED;
					};
					92180C0B28A3BCCC00CB60D2 = {
						CreatedOnToolsVersion = 13.4.1;
						TestTargetID = 92FFBD45288FEC0B0003FDED;
					};
					92FFBD45288FEC0B0003FDED = {
						CreatedOnToolsVersion = 13.3.1;
					};
				};
			};
			buildConfigurationList = 92FFBD41288FEC0B0003FDED /* Build configuration list for PBXProject "DadJokes" */;
			compatibilityVersion = "Xcode 13.0";
			developmentRegion = en;
			hasScannedForEncodings = 0;
			knownRegions = (
				en,
				Base,
			);
			mainGroup = 92FFBD3D288FEC0B0003FDED;
			packageReferences = (
				D51E2A4C28F54A3A00277ADB /* XCRemoteSwiftPackageReference "amplify-ios" */,
			);
			productRefGroup = 92FFBD47288FEC0B0003FDED /* Products */;
			projectDirPath = "";
			projectRoot = "";
			targets = (
				92FFBD45288FEC0B0003FDED /* DadJokes */,
				92180BFA28A3BBF200CB60D2 /* DadJokesUITests */,
				92180C0B28A3BCCC00CB60D2 /* DadJokesTests2 */,
			);
		};
/* End PBXProject section */

/* Begin PBXResourcesBuildPhase section */
		92180BF928A3BBF200CB60D2 /* Resources */ = {
			isa = PBXResourcesBuildPhase;
			buildActionMask = 2147483647;
			files = (
			);
			runOnlyForDeploymentPostprocessing = 0;
		};
		92180C0A28A3BCCC00CB60D2 /* Resources */ = {
			isa = PBXResourcesBuildPhase;
			buildActionMask = 2147483647;
			files = (
			);
			runOnlyForDeploymentPostprocessing = 0;
		};
		92FFBD44288FEC0B0003FDED /* Resources */ = {
			isa = PBXResourcesBuildPhase;
			buildActionMask = 2147483647;
			files = (
				92FFBD51288FEC0D0003FDED /* Preview Assets.xcassets in Resources */,
				92FFBD4E288FEC0D0003FDED /* Assets.xcassets in Resources */,
				48421288C81040D89A024F96 /* awsconfiguration.json in Resources */,
				D51E2A5428F54C6D00277ADB /* schema.graphql in Resources */,
				37F1130A98269F1F455EB495 /* amplifyconfiguration.json in Resources */,
			);
			runOnlyForDeploymentPostprocessing = 0;
		};
/* End PBXResourcesBuildPhase section */

/* Begin PBXShellScriptBuildPhase section */
		8CCABDD29D223BEF5D5E4CF3 /* [CP] Check Pods Manifest.lock */ = {
			isa = PBXShellScriptBuildPhase;
			buildActionMask = 2147483647;
			files = (
			);
			inputFileListPaths = (
			);
			inputPaths = (
				"${PODS_PODFILE_DIR_PATH}/Podfile.lock",
				"${PODS_ROOT}/Manifest.lock",
			);
			name = "[CP] Check Pods Manifest.lock";
			outputFileListPaths = (
			);
			outputPaths = (
				"$(DERIVED_FILE_DIR)/Pods-DadJokes-checkManifestLockResult.txt",
			);
			runOnlyForDeploymentPostprocessing = 0;
			shellPath = /bin/sh;
			shellScript = "diff \"${PODS_PODFILE_DIR_PATH}/Podfile.lock\" \"${PODS_ROOT}/Manifest.lock\" > /dev/null\nif [ $? != 0 ] ; then\n    # print error to STDERR\n    echo \"error: The sandbox is not in sync with the Podfile.lock. Run 'pod install' or update your CocoaPods installation.\" >&2\n    exit 1\nfi\n# This output is used by Xcode 'outputs' to avoid re-running this script phase.\necho \"SUCCESS\" > \"${SCRIPT_OUTPUT_FILE_0}\"\n";
			showEnvVarsInLog = 0;
		};
/* End PBXShellScriptBuildPhase section */

/* Begin PBXSourcesBuildPhase section */
		92180BF728A3BBF200CB60D2 /* Sources */ = {
			isa = PBXSourcesBuildPhase;
			buildActionMask = 2147483647;
			files = (
				92180C0728A3BC5C00CB60D2 /* PlusTestUI.swift in Sources */,
				92180BFE28A3BBF200CB60D2 /* DadJokesUITests.swift in Sources */,
			);
			runOnlyForDeploymentPostprocessing = 0;
		};
		92180C0828A3BCCC00CB60D2 /* Sources */ = {
			isa = PBXSourcesBuildPhase;
			buildActionMask = 2147483647;
			files = (
				D51E2A6A28F55B5600277ADB /* TestAPI.swift in Sources */,
				D51E2A6128F55AA600277ADB /* Mockable.swift in Sources */,
				92180C1828A3BD9900CB60D2 /* TestLogic.swift in Sources */,
				92ABC4F528AB93BE006D5D65 /* DolarViewModel_Test.swift in Sources */,
				92180C0F28A3BCCC00CB60D2 /* DadJokesTests2.swift in Sources */,
				92ABC4F328AB933E006D5D65 /* DolarViewModel.swift in Sources */,
				D51E2A6328F55AC500277ADB /* MockHTTPSClient.swift in Sources */,
				92CA335D28B7242400BCEF60 /* DadJokesUITestsLaunchTests.swift in Sources */,
				929E000628B5E54B003FD102 /* Contact.swift in Sources */,
			);
			runOnlyForDeploymentPostprocessing = 0;
		};
		92FFBD42288FEC0B0003FDED /* Sources */ = {
			isa = PBXSourcesBuildPhase;
			buildActionMask = 2147483647;
			files = (
				92493B9B289774D3007BDA0B /* ImageView.swift in Sources */,
				92ECC2C12893EA3400204345 /* PlusView.swift in Sources */,
				92ECC2BF2893EA1800204345 /* AccountView.swift in Sources */,
				929E000828B5E593003FD102 /* Contact.swift in Sources */,
				92FFBD53288FEC0D0003FDED /* Persistence.swift in Sources */,
				D51E2A7428F55D4A00277ADB /* HTTPsClient.swift in Sources */,
				92FFBD4C288FEC0B0003FDED /* ContentView.swift in Sources */,
				92FFBD56288FEC0D0003FDED /* DadJokes.xcdatamodeld in Sources */,
				92ECC2C32893EA4D00204345 /* MapView.swift in Sources */,
				922E7D332891481C00A60C08 /* HomeView.swift in Sources */,
				92FFBD4A288FEC0B0003FDED /* DadJokesApp.swift in Sources */,
				D51E2A7028F55CE500277ADB /* HTTPSClientProtocal.swift in Sources */,
				D57839E728FEB3560031E2CD /* StateViewModel.swift in Sources */,
				92ECC2BC2893E68800204345 /* TabBarRouter.swift in Sources */,
				92ECC2C52893EA6300204345 /* RecordsView.swift in Sources */,
				92EDF38F28A26AE8000F150B /* DolarViewModel.swift in Sources */,
				92FFBD5E288FF7080003FDED /* EmojiView.swift in Sources */,
				922E7D3528914B1E00A60C08 /* CardDetailView.swift in Sources */,
				D51E2A7228F55D1600277ADB /* HttpClientFactory.swift in Sources */,
				74A2DADF9F74723F0E9F4A07 /* AmplifyModels.swift in Sources */,
				50376A3CB2763C688EE67AC9 /* Note+Schema.swift in Sources */,
				4DC523CEB911A3A578503A4F /* Note.swift in Sources */,
				7B4456FC2728631666A32809 /* Task+Schema.swift in Sources */,
				B6F45D3D6C92B9B3414F3A88 /* Task.swift in Sources */,
			);
			runOnlyForDeploymentPostprocessing = 0;
		};
/* End PBXSourcesBuildPhase section */

/* Begin PBXTargetDependency section */
		92180C0228A3BBF200CB60D2 /* PBXTargetDependency */ = {
			isa = PBXTargetDependency;
			target = 92FFBD45288FEC0B0003FDED /* DadJokes */;
			targetProxy = 92180C0128A3BBF200CB60D2 /* PBXContainerItemProxy */;
		};
		92180C1128A3BCCC00CB60D2 /* PBXTargetDependency */ = {
			isa = PBXTargetDependency;
			target = 92FFBD45288FEC0B0003FDED /* DadJokes */;
			targetProxy = 92180C1028A3BCCC00CB60D2 /* PBXContainerItemProxy */;
		};
/* End PBXTargetDependency section */

/* Begin XCBuildConfiguration section */
		92180C0428A3BBF200CB60D2 /* Debug */ = {
			isa = XCBuildConfiguration;
			buildSettings = {
				CODE_SIGN_STYLE = Automatic;
				CURRENT_PROJECT_VERSION = 1;
				DEVELOPMENT_TEAM = 6QJ45CE63B;
				GENERATE_INFOPLIST_FILE = YES;
				IPHONEOS_DEPLOYMENT_TARGET = 15.5;
				MARKETING_VERSION = 1.0;
				PRODUCT_BUNDLE_IDENTIFIER = com.shoretel.connect.DadJokesUITests;
				PRODUCT_NAME = "$(TARGET_NAME)";
				SWIFT_EMIT_LOC_STRINGS = NO;
				SWIFT_VERSION = 5.0;
				TARGETED_DEVICE_FAMILY = "1,2";
				TEST_TARGET_NAME = DadJokes;
			};
			name = Debug;
		};
		92180C0528A3BBF200CB60D2 /* Release */ = {
			isa = XCBuildConfiguration;
			buildSettings = {
				CODE_SIGN_STYLE = Automatic;
				CURRENT_PROJECT_VERSION = 1;
				DEVELOPMENT_TEAM = 6QJ45CE63B;
				GENERATE_INFOPLIST_FILE = YES;
				IPHONEOS_DEPLOYMENT_TARGET = 15.5;
				MARKETING_VERSION = 1.0;
				PRODUCT_BUNDLE_IDENTIFIER = com.shoretel.connect.DadJokesUITests;
				PRODUCT_NAME = "$(TARGET_NAME)";
				SWIFT_EMIT_LOC_STRINGS = NO;
				SWIFT_VERSION = 5.0;
				TARGETED_DEVICE_FAMILY = "1,2";
				TEST_TARGET_NAME = DadJokes;
			};
			name = Release;
		};
		92180C1328A3BCCC00CB60D2 /* Debug */ = {
			isa = XCBuildConfiguration;
			buildSettings = {
				BUNDLE_LOADER = "$(TEST_HOST)";
				CODE_SIGN_STYLE = Automatic;
				CURRENT_PROJECT_VERSION = 1;
				DEVELOPMENT_TEAM = 6QJ45CE63B;
				GENERATE_INFOPLIST_FILE = YES;
				IPHONEOS_DEPLOYMENT_TARGET = 15.4;
				MARKETING_VERSION = 1.0;
				PRODUCT_BUNDLE_IDENTIFIER = com.shoretel.connect.DadJokesTests2;
				PRODUCT_NAME = "$(TARGET_NAME)";
				SWIFT_EMIT_LOC_STRINGS = NO;
				SWIFT_VERSION = 5.0;
				TARGETED_DEVICE_FAMILY = "1,2";
				TEST_HOST = "$(BUILT_PRODUCTS_DIR)/DadJokes.app/DadJokes";
			};
			name = Debug;
		};
		92180C1428A3BCCC00CB60D2 /* Release */ = {
			isa = XCBuildConfiguration;
			buildSettings = {
				BUNDLE_LOADER = "$(TEST_HOST)";
				CODE_SIGN_STYLE = Automatic;
				CURRENT_PROJECT_VERSION = 1;
				DEVELOPMENT_TEAM = 6QJ45CE63B;
				GENERATE_INFOPLIST_FILE = YES;
				IPHONEOS_DEPLOYMENT_TARGET = 15.4;
				MARKETING_VERSION = 1.0;
				PRODUCT_BUNDLE_IDENTIFIER = com.shoretel.connect.DadJokesTests2;
				PRODUCT_NAME = "$(TARGET_NAME)";
				SWIFT_EMIT_LOC_STRINGS = NO;
				SWIFT_VERSION = 5.0;
				TARGETED_DEVICE_FAMILY = "1,2";
				TEST_HOST = "$(BUILT_PRODUCTS_DIR)/DadJokes.app/DadJokes";
			};
			name = Release;
		};
		92FFBD57288FEC0D0003FDED /* Debug */ = {
			isa = XCBuildConfiguration;
			buildSettings = {
				ALWAYS_SEARCH_USER_PATHS = NO;
				CLANG_ANALYZER_NONNULL = YES;
				CLANG_ANALYZER_NUMBER_OBJECT_CONVERSION = YES_AGGRESSIVE;
				CLANG_CXX_LANGUAGE_STANDARD = "gnu++17";
				CLANG_ENABLE_MODULES = YES;
				CLANG_ENABLE_OBJC_ARC = YES;
				CLANG_ENABLE_OBJC_WEAK = YES;
				CLANG_WARN_BLOCK_CAPTURE_AUTORELEASING = YES;
				CLANG_WARN_BOOL_CONVERSION = YES;
				CLANG_WARN_COMMA = YES;
				CLANG_WARN_CONSTANT_CONVERSION = YES;
				CLANG_WARN_DEPRECATED_OBJC_IMPLEMENTATIONS = YES;
				CLANG_WARN_DIRECT_OBJC_ISA_USAGE = YES_ERROR;
				CLANG_WARN_DOCUMENTATION_COMMENTS = YES;
				CLANG_WARN_EMPTY_BODY = YES;
				CLANG_WARN_ENUM_CONVERSION = YES;
				CLANG_WARN_INFINITE_RECURSION = YES;
				CLANG_WARN_INT_CONVERSION = YES;
				CLANG_WARN_NON_LITERAL_NULL_CONVERSION = YES;
				CLANG_WARN_OBJC_IMPLICIT_RETAIN_SELF = YES;
				CLANG_WARN_OBJC_LITERAL_CONVERSION = YES;
				CLANG_WARN_OBJC_ROOT_CLASS = YES_ERROR;
				CLANG_WARN_QUOTED_INCLUDE_IN_FRAMEWORK_HEADER = YES;
				CLANG_WARN_RANGE_LOOP_ANALYSIS = YES;
				CLANG_WARN_STRICT_PROTOTYPES = YES;
				CLANG_WARN_SUSPICIOUS_MOVE = YES;
				CLANG_WARN_UNGUARDED_AVAILABILITY = YES_AGGRESSIVE;
				CLANG_WARN_UNREACHABLE_CODE = YES;
				CLANG_WARN__DUPLICATE_METHOD_MATCH = YES;
				COPY_PHASE_STRIP = NO;
				DEBUG_INFORMATION_FORMAT = dwarf;
				ENABLE_STRICT_OBJC_MSGSEND = YES;
				ENABLE_TESTABILITY = YES;
				GCC_C_LANGUAGE_STANDARD = gnu11;
				GCC_DYNAMIC_NO_PIC = NO;
				GCC_NO_COMMON_BLOCKS = YES;
				GCC_OPTIMIZATION_LEVEL = 0;
				GCC_PREPROCESSOR_DEFINITIONS = (
					"DEBUG=1",
					"$(inherited)",
				);
				GCC_WARN_64_TO_32_BIT_CONVERSION = YES;
				GCC_WARN_ABOUT_RETURN_TYPE = YES_ERROR;
				GCC_WARN_UNDECLARED_SELECTOR = YES;
				GCC_WARN_UNINITIALIZED_AUTOS = YES_AGGRESSIVE;
				GCC_WARN_UNUSED_FUNCTION = YES;
				GCC_WARN_UNUSED_VARIABLE = YES;
				IPHONEOS_DEPLOYMENT_TARGET = 15.4;
				MTL_ENABLE_DEBUG_INFO = INCLUDE_SOURCE;
				MTL_FAST_MATH = YES;
				ONLY_ACTIVE_ARCH = YES;
				SDKROOT = iphoneos;
				SWIFT_ACTIVE_COMPILATION_CONDITIONS = DEBUG;
				SWIFT_OPTIMIZATION_LEVEL = "-Onone";
			};
			name = Debug;
		};
		92FFBD58288FEC0D0003FDED /* Release */ = {
			isa = XCBuildConfiguration;
			buildSettings = {
				ALWAYS_SEARCH_USER_PATHS = NO;
				CLANG_ANALYZER_NONNULL = YES;
				CLANG_ANALYZER_NUMBER_OBJECT_CONVERSION = YES_AGGRESSIVE;
				CLANG_CXX_LANGUAGE_STANDARD = "gnu++17";
				CLANG_ENABLE_MODULES = YES;
				CLANG_ENABLE_OBJC_ARC = YES;
				CLANG_ENABLE_OBJC_WEAK = YES;
				CLANG_WARN_BLOCK_CAPTURE_AUTORELEASING = YES;
				CLANG_WARN_BOOL_CONVERSION = YES;
				CLANG_WARN_COMMA = YES;
				CLANG_WARN_CONSTANT_CONVERSION = YES;
				CLANG_WARN_DEPRECATED_OBJC_IMPLEMENTATIONS = YES;
				CLANG_WARN_DIRECT_OBJC_ISA_USAGE = YES_ERROR;
				CLANG_WARN_DOCUMENTATION_COMMENTS = YES;
				CLANG_WARN_EMPTY_BODY = YES;
				CLANG_WARN_ENUM_CONVERSION = YES;
				CLANG_WARN_INFINITE_RECURSION = YES;
				CLANG_WARN_INT_CONVERSION = YES;
				CLANG_WARN_NON_LITERAL_NULL_CONVERSION = YES;
				CLANG_WARN_OBJC_IMPLICIT_RETAIN_SELF = YES;
				CLANG_WARN_OBJC_LITERAL_CONVERSION = YES;
				CLANG_WARN_OBJC_ROOT_CLASS = YES_ERROR;
				CLANG_WARN_QUOTED_INCLUDE_IN_FRAMEWORK_HEADER = YES;
				CLANG_WARN_RANGE_LOOP_ANALYSIS = YES;
				CLANG_WARN_STRICT_PROTOTYPES = YES;
				CLANG_WARN_SUSPICIOUS_MOVE = YES;
				CLANG_WARN_UNGUARDED_AVAILABILITY = YES_AGGRESSIVE;
				CLANG_WARN_UNREACHABLE_CODE = YES;
				CLANG_WARN__DUPLICATE_METHOD_MATCH = YES;
				COPY_PHASE_STRIP = NO;
				DEBUG_INFORMATION_FORMAT = "dwarf-with-dsym";
				ENABLE_NS_ASSERTIONS = NO;
				ENABLE_STRICT_OBJC_MSGSEND = YES;
				GCC_C_LANGUAGE_STANDARD = gnu11;
				GCC_NO_COMMON_BLOCKS = YES;
				GCC_WARN_64_TO_32_BIT_CONVERSION = YES;
				GCC_WARN_ABOUT_RETURN_TYPE = YES_ERROR;
				GCC_WARN_UNDECLARED_SELECTOR = YES;
				GCC_WARN_UNINITIALIZED_AUTOS = YES_AGGRESSIVE;
				GCC_WARN_UNUSED_FUNCTION = YES;
				GCC_WARN_UNUSED_VARIABLE = YES;
				IPHONEOS_DEPLOYMENT_TARGET = 15.4;
				MTL_ENABLE_DEBUG_INFO = NO;
				MTL_FAST_MATH = YES;
				SDKROOT = iphoneos;
				SWIFT_COMPILATION_MODE = wholemodule;
				SWIFT_OPTIMIZATION_LEVEL = "-O";
				VALIDATE_PRODUCT = YES;
			};
			name = Release;
		};
		92FFBD5A288FEC0D0003FDED /* Debug */ = {
			isa = XCBuildConfiguration;
			baseConfigurationReference = A3212828872856F723AEB0A1 /* Pods-DadJokes.debug.xcconfig */;
			buildSettings = {
				ASSETCATALOG_COMPILER_APPICON_NAME = AppIcon;
				ASSETCATALOG_COMPILER_GLOBAL_ACCENT_COLOR_NAME = AccentColor;
				CODE_SIGN_STYLE = Automatic;
				CURRENT_PROJECT_VERSION = 1;
				DEVELOPMENT_ASSET_PATHS = "\"DadJokes/Preview Content\"";
				DEVELOPMENT_TEAM = 6QJ45CE63B;
				ENABLE_PREVIEWS = YES;
				GENERATE_INFOPLIST_FILE = YES;
				INFOPLIST_FILE = DadJokes/Info.plist;
				INFOPLIST_KEY_UIApplicationSupportsIndirectInputEvents = YES;
				INFOPLIST_KEY_UILaunchScreen_Generation = YES;
				INFOPLIST_KEY_UISupportedInterfaceOrientations_iPad = "UIInterfaceOrientationPortrait UIInterfaceOrientationPortraitUpsideDown UIInterfaceOrientationLandscapeLeft UIInterfaceOrientationLandscapeRight";
				INFOPLIST_KEY_UISupportedInterfaceOrientations_iPhone = "UIInterfaceOrientationPortrait UIInterfaceOrientationLandscapeLeft UIInterfaceOrientationLandscapeRight";
				LD_RUNPATH_SEARCH_PATHS = (
					"$(inherited)",
					"@executable_path/Frameworks",
				);
				MARKETING_VERSION = 1.0;
				PRODUCT_BUNDLE_IDENTIFIER = com.shoretel.connect.DadJokes;
				PRODUCT_NAME = "$(TARGET_NAME)";
				SWIFT_EMIT_LOC_STRINGS = YES;
				SWIFT_VERSION = 5.0;
				TARGETED_DEVICE_FAMILY = "1,2";
			};
			name = Debug;
		};
		92FFBD5B288FEC0D0003FDED /* Release */ = {
			isa = XCBuildConfiguration;
			baseConfigurationReference = 767C4C390FC89B1568B0794A /* Pods-DadJokes.release.xcconfig */;
			buildSettings = {
				ASSETCATALOG_COMPILER_APPICON_NAME = AppIcon;
				ASSETCATALOG_COMPILER_GLOBAL_ACCENT_COLOR_NAME = AccentColor;
				CODE_SIGN_STYLE = Automatic;
				CURRENT_PROJECT_VERSION = 1;
				DEVELOPMENT_ASSET_PATHS = "\"DadJokes/Preview Content\"";
				DEVELOPMENT_TEAM = 6QJ45CE63B;
				ENABLE_PREVIEWS = YES;
				GENERATE_INFOPLIST_FILE = YES;
				INFOPLIST_FILE = DadJokes/Info.plist;
				INFOPLIST_KEY_UIApplicationSupportsIndirectInputEvents = YES;
				INFOPLIST_KEY_UILaunchScreen_Generation = YES;
				INFOPLIST_KEY_UISupportedInterfaceOrientations_iPad = "UIInterfaceOrientationPortrait UIInterfaceOrientationPortraitUpsideDown UIInterfaceOrientationLandscapeLeft UIInterfaceOrientationLandscapeRight";
				INFOPLIST_KEY_UISupportedInterfaceOrientations_iPhone = "UIInterfaceOrientationPortrait UIInterfaceOrientationLandscapeLeft UIInterfaceOrientationLandscapeRight";
				LD_RUNPATH_SEARCH_PATHS = (
					"$(inherited)",
					"@executable_path/Frameworks",
				);
				MARKETING_VERSION = 1.0;
				PRODUCT_BUNDLE_IDENTIFIER = com.shoretel.connect.DadJokes;
				PRODUCT_NAME = "$(TARGET_NAME)";
				SWIFT_EMIT_LOC_STRINGS = YES;
				SWIFT_VERSION = 5.0;
				TARGETED_DEVICE_FAMILY = "1,2";
			};
			name = Release;
		};
/* End XCBuildConfiguration section */

/* Begin XCConfigurationList section */
		92180C0328A3BBF200CB60D2 /* Build configuration list for PBXNativeTarget "DadJokesUITests" */ = {
			isa = XCConfigurationList;
			buildConfigurations = (
				92180C0428A3BBF200CB60D2 /* Debug */,
				92180C0528A3BBF200CB60D2 /* Release */,
			);
			defaultConfigurationIsVisible = 0;
			defaultConfigurationName = Release;
		};
		92180C1228A3BCCC00CB60D2 /* Build configuration list for PBXNativeTarget "DadJokesTests2" */ = {
			isa = XCConfigurationList;
			buildConfigurations = (
				92180C1328A3BCCC00CB60D2 /* Debug */,
				92180C1428A3BCCC00CB60D2 /* Release */,
			);
			defaultConfigurationIsVisible = 0;
			defaultConfigurationName = Release;
		};
		92FFBD41288FEC0B0003FDED /* Build configuration list for PBXProject "DadJokes" */ = {
			isa = XCConfigurationList;
			buildConfigurations = (
				92FFBD57288FEC0D0003FDED /* Debug */,
				92FFBD58288FEC0D0003FDED /* Release */,
			);
			defaultConfigurationIsVisible = 0;
			defaultConfigurationName = Release;
		};
		92FFBD59288FEC0D0003FDED /* Build configuration list for PBXNativeTarget "DadJokes" */ = {
			isa = XCConfigurationList;
			buildConfigurations = (
				92FFBD5A288FEC0D0003FDED /* Debug */,
				92FFBD5B288FEC0D0003FDED /* Release */,
			);
			defaultConfigurationIsVisible = 0;
			defaultConfigurationName = Release;
		};
/* End XCConfigurationList section */

/* Begin XCRemoteSwiftPackageReference section */
		D51E2A4C28F54A3A00277ADB /* XCRemoteSwiftPackageReference "amplify-ios" */ = {
			isa = XCRemoteSwiftPackageReference;
			repositoryURL = "https://github.com/aws-amplify/amplify-ios";
			requirement = {
				kind = upToNextMajorVersion;
				minimumVersion = 1.0.0;
			};
		};
/* End XCRemoteSwiftPackageReference section */

/* Begin XCSwiftPackageProductDependency section */
		D51E2A4D28F54A3A00277ADB /* AWSAPIPlugin */ = {
			isa = XCSwiftPackageProductDependency;
			package = D51E2A4C28F54A3A00277ADB /* XCRemoteSwiftPackageReference "amplify-ios" */;
			productName = AWSAPIPlugin;
		};
		D51E2A4F28F54A3A00277ADB /* AWSDataStorePlugin */ = {
			isa = XCSwiftPackageProductDependency;
			package = D51E2A4C28F54A3A00277ADB /* XCRemoteSwiftPackageReference "amplify-ios" */;
			productName = AWSDataStorePlugin;
		};
		D51E2A5128F54A3A00277ADB /* Amplify */ = {
			isa = XCSwiftPackageProductDependency;
			package = D51E2A4C28F54A3A00277ADB /* XCRemoteSwiftPackageReference "amplify-ios" */;
			productName = Amplify;
		};
/* End XCSwiftPackageProductDependency section */

/* Begin XCVersionGroup section */
		92FFBD54288FEC0D0003FDED /* DadJokes.xcdatamodeld */ = {
			isa = XCVersionGroup;
			children = (
				92FFBD55288FEC0D0003FDED /* DadJokes.xcdatamodel */,
			);
			currentVersion = 92FFBD55288FEC0D0003FDED /* DadJokes.xcdatamodel */;
			path = DadJokes.xcdatamodeld;
			sourceTree = "<group>";
			versionGroupType = wrapper.xcdatamodel;
		};
/* End XCVersionGroup section */
	};
	rootObject = 92FFBD3E288FEC0B0003FDED /* Project object */;
}
